// !$*UTF8*$!
{
	archiveVersion = 1;
	classes = {
	};
	objectVersion = 55;
	objects = {

/* Begin PBXBuildFile section */
		5CD8E5E527C5238E00FB21E8 /* Tests_iOS.swift in Sources */ = {isa = PBXBuildFile; fileRef = 5CD8E5E427C5238E00FB21E8 /* Tests_iOS.swift */; };
		5CD8E5E727C5238E00FB21E8 /* Tests_iOSLaunchTests.swift in Sources */ = {isa = PBXBuildFile; fileRef = 5CD8E5E627C5238E00FB21E8 /* Tests_iOSLaunchTests.swift */; };
		5CD8E5F127C5238E00FB21E8 /* Tests_macOS.swift in Sources */ = {isa = PBXBuildFile; fileRef = 5CD8E5F027C5238E00FB21E8 /* Tests_macOS.swift */; };
		5CD8E5F327C5238E00FB21E8 /* Tests_macOSLaunchTests.swift in Sources */ = {isa = PBXBuildFile; fileRef = 5CD8E5F227C5238E00FB21E8 /* Tests_macOSLaunchTests.swift */; };
		5CD8E5F427C5238E00FB21E8 /* circleApp.swift in Sources */ = {isa = PBXBuildFile; fileRef = 5CD8E5CC27C5238E00FB21E8 /* circleApp.swift */; };
		5CD8E5F527C5238E00FB21E8 /* circleApp.swift in Sources */ = {isa = PBXBuildFile; fileRef = 5CD8E5CC27C5238E00FB21E8 /* circleApp.swift */; };
		5CD8E5F627C5238E00FB21E8 /* ContentView.swift in Sources */ = {isa = PBXBuildFile; fileRef = 5CD8E5CD27C5238E00FB21E8 /* ContentView.swift */; };
		5CD8E5F727C5238E00FB21E8 /* ContentView.swift in Sources */ = {isa = PBXBuildFile; fileRef = 5CD8E5CD27C5238E00FB21E8 /* ContentView.swift */; };
		5CD8E5F827C5238E00FB21E8 /* Assets.xcassets in Resources */ = {isa = PBXBuildFile; fileRef = 5CD8E5CE27C5238E00FB21E8 /* Assets.xcassets */; };
		5CD8E5F927C5238E00FB21E8 /* Assets.xcassets in Resources */ = {isa = PBXBuildFile; fileRef = 5CD8E5CE27C5238E00FB21E8 /* Assets.xcassets */; };
		5CD8E60927C5341000FB21E8 /* ColorView.swift in Sources */ = {isa = PBXBuildFile; fileRef = 5CD8E60827C5341000FB21E8 /* ColorView.swift */; };
		5CD8E60A27C5341000FB21E8 /* ColorView.swift in Sources */ = {isa = PBXBuildFile; fileRef = 5CD8E60827C5341000FB21E8 /* ColorView.swift */; };
/* End PBXBuildFile section */

/* Begin PBXContainerItemProxy section */
		5CD8E5E127C5238E00FB21E8 /* PBXContainerItemProxy */ = {
			isa = PBXContainerItemProxy;
			containerPortal = 5CD8E5C727C5238D00FB21E8 /* Project object */;
			proxyType = 1;
			remoteGlobalIDString = 5CD8E5D227C5238E00FB21E8;
			remoteInfo = "circle (iOS)";
		};
		5CD8E5ED27C5238E00FB21E8 /* PBXContainerItemProxy */ = {
			isa = PBXContainerItemProxy;
			containerPortal = 5CD8E5C727C5238D00FB21E8 /* Project object */;
			proxyType = 1;
			remoteGlobalIDString = 5CD8E5D827C5238E00FB21E8;
			remoteInfo = "circle (macOS)";
		};
/* End PBXContainerItemProxy section */

/* Begin PBXFileReference section */
		5CD8E5CC27C5238E00FB21E8 /* circleApp.swift */ = {isa = PBXFileReference; lastKnownFileType = sourcecode.swift; path = circleApp.swift; sourceTree = "<group>"; };
		5CD8E5CD27C5238E00FB21E8 /* ContentView.swift */ = {isa = PBXFileReference; lastKnownFileType = sourcecode.swift; path = ContentView.swift; sourceTree = "<group>"; };
		5CD8E5CE27C5238E00FB21E8 /* Assets.xcassets */ = {isa = PBXFileReference; lastKnownFileType = folder.assetcatalog; path = Assets.xcassets; sourceTree = "<group>"; };
		5CD8E5D327C5238E00FB21E8 /* circle.app */ = {isa = PBXFileReference; explicitFileType = wrapper.application; includeInIndex = 0; path = circle.app; sourceTree = BUILT_PRODUCTS_DIR; };
		5CD8E5D927C5238E00FB21E8 /* circle.app */ = {isa = PBXFileReference; explicitFileType = wrapper.application; includeInIndex = 0; path = circle.app; sourceTree = BUILT_PRODUCTS_DIR; };
		5CD8E5DB27C5238E00FB21E8 /* macOS.entitlements */ = {isa = PBXFileReference; lastKnownFileType = text.plist.entitlements; path = macOS.entitlements; sourceTree = "<group>"; };
		5CD8E5E027C5238E00FB21E8 /* Tests iOS.xctest */ = {isa = PBXFileReference; explicitFileType = wrapper.cfbundle; includeInIndex = 0; path = "Tests iOS.xctest"; sourceTree = BUILT_PRODUCTS_DIR; };
		5CD8E5E427C5238E00FB21E8 /* Tests_iOS.swift */ = {isa = PBXFileReference; lastKnownFileType = sourcecode.swift; path = Tests_iOS.swift; sourceTree = "<group>"; };
		5CD8E5E627C5238E00FB21E8 /* Tests_iOSLaunchTests.swift */ = {isa = PBXFileReference; lastKnownFileType = sourcecode.swift; path = Tests_iOSLaunchTests.swift; sourceTree = "<group>"; };
		5CD8E5EC27C5238E00FB21E8 /* Tests macOS.xctest */ = {isa = PBXFileReference; explicitFileType = wrapper.cfbundle; includeInIndex = 0; path = "Tests macOS.xctest"; sourceTree = BUILT_PRODUCTS_DIR; };
		5CD8E5F027C5238E00FB21E8 /* Tests_macOS.swift */ = {isa = PBXFileReference; lastKnownFileType = sourcecode.swift; path = Tests_macOS.swift; sourceTree = "<group>"; };
		5CD8E5F227C5238E00FB21E8 /* Tests_macOSLaunchTests.swift */ = {isa = PBXFileReference; lastKnownFileType = sourcecode.swift; path = Tests_macOSLaunchTests.swift; sourceTree = "<group>"; };
		5CD8E60827C5341000FB21E8 /* ColorView.swift */ = {isa = PBXFileReference; lastKnownFileType = sourcecode.swift; path = ColorView.swift; sourceTree = "<group>"; };
/* End PBXFileReference section */

/* Begin PBXFrameworksBuildPhase section */
		5CD8E5D027C5238E00FB21E8 /* Frameworks */ = {
			isa = PBXFrameworksBuildPhase;
			buildActionMask = 2147483647;
			files = (
			);
			runOnlyForDeploymentPostprocessing = 0;
		};
		5CD8E5D627C5238E00FB21E8 /* Frameworks */ = {
			isa = PBXFrameworksBuildPhase;
			buildActionMask = 2147483647;
			files = (
			);
			runOnlyForDeploymentPostprocessing = 0;
		};
		5CD8E5DD27C5238E00FB21E8 /* Frameworks */ = {
			isa = PBXFrameworksBuildPhase;
			buildActionMask = 2147483647;
			files = (
			);
			runOnlyForDeploymentPostprocessing = 0;
		};
		5CD8E5E927C5238E00FB21E8 /* Frameworks */ = {
			isa = PBXFrameworksBuildPhase;
			buildActionMask = 2147483647;
			files = (
			);
			runOnlyForDeploymentPostprocessing = 0;
		};
/* End PBXFrameworksBuildPhase section */

/* Begin PBXGroup section */
		5CD8E5C627C5238D00FB21E8 = {
			isa = PBXGroup;
			children = (
				5CD8E5CB27C5238E00FB21E8 /* Shared */,
				5CD8E5DA27C5238E00FB21E8 /* macOS */,
				5CD8E5E327C5238E00FB21E8 /* Tests iOS */,
				5CD8E5EF27C5238E00FB21E8 /* Tests macOS */,
				5CD8E5D427C5238E00FB21E8 /* Products */,
			);
			sourceTree = "<group>";
		};
		5CD8E5CB27C5238E00FB21E8 /* Shared */ = {
			isa = PBXGroup;
			children = (
				5CD8E5CC27C5238E00FB21E8 /* circleApp.swift */,
				5CD8E5CD27C5238E00FB21E8 /* ContentView.swift */,
				5CD8E60827C5341000FB21E8 /* ColorView.swift */,
				5CD8E5CE27C5238E00FB21E8 /* Assets.xcassets */,
			);
			path = Shared;
			sourceTree = "<group>";
		};
		5CD8E5D427C5238E00FB21E8 /* Products */ = {
			isa = PBXGroup;
			children = (
				5CD8E5D327C5238E00FB21E8 /* circle.app */,
				5CD8E5D927C5238E00FB21E8 /* circle.app */,
				5CD8E5E027C5238E00FB21E8 /* Tests iOS.xctest */,
				5CD8E5EC27C5238E00FB21E8 /* Tests macOS.xctest */,
			);
			name = Products;
			sourceTree = "<group>";
		};
		5CD8E5DA27C5238E00FB21E8 /* macOS */ = {
			isa = PBXGroup;
			children = (
				5CD8E5DB27C5238E00FB21E8 /* macOS.entitlements */,
			);
			path = macOS;
			sourceTree = "<group>";
		};
		5CD8E5E327C5238E00FB21E8 /* Tests iOS */ = {
			isa = PBXGroup;
			children = (
				5CD8E5E427C5238E00FB21E8 /* Tests_iOS.swift */,
				5CD8E5E627C5238E00FB21E8 /* Tests_iOSLaunchTests.swift */,
			);
			path = "Tests iOS";
			sourceTree = "<group>";
		};
		5CD8E5EF27C5238E00FB21E8 /* Tests macOS */ = {
			isa = PBXGroup;
			children = (
				5CD8E5F027C5238E00FB21E8 /* Tests_macOS.swift */,
				5CD8E5F227C5238E00FB21E8 /* Tests_macOSLaunchTests.swift */,
			);
			path = "Tests macOS";
			sourceTree = "<group>";
		};
/* End PBXGroup section */

/* Begin PBXNativeTarget section */
		5CD8E5D227C5238E00FB21E8 /* circle (iOS) */ = {
			isa = PBXNativeTarget;
			buildConfigurationList = 5CD8E5FC27C5238E00FB21E8 /* Build configuration list for PBXNativeTarget "circle (iOS)" */;
			buildPhases = (
				5CD8E5CF27C5238E00FB21E8 /* Sources */,
				5CD8E5D027C5238E00FB21E8 /* Frameworks */,
				5CD8E5D127C5238E00FB21E8 /* Resources */,
			);
			buildRules = (
			);
			dependencies = (
			);
			name = "circle (iOS)";
			productName = "circle (iOS)";
			productReference = 5CD8E5D327C5238E00FB21E8 /* circle.app */;
			productType = "com.apple.product-type.application";
		};
		5CD8E5D827C5238E00FB21E8 /* circle (macOS) */ = {
			isa = PBXNativeTarget;
			buildConfigurationList = 5CD8E5FF27C5238E00FB21E8 /* Build configuration list for PBXNativeTarget "circle (macOS)" */;
			buildPhases = (
				5CD8E5D527C5238E00FB21E8 /* Sources */,
				5CD8E5D627C5238E00FB21E8 /* Frameworks */,
				5CD8E5D727C5238E00FB21E8 /* Resources */,
			);
			buildRules = (
			);
			dependencies = (
			);
			name = "circle (macOS)";
			productName = "circle (macOS)";
			productReference = 5CD8E5D927C5238E00FB21E8 /* circle.app */;
			productType = "com.apple.product-type.application";
		};
		5CD8E5DF27C5238E00FB21E8 /* Tests iOS */ = {
			isa = PBXNativeTarget;
			buildConfigurationList = 5CD8E60227C5238E00FB21E8 /* Build configuration list for PBXNativeTarget "Tests iOS" */;
			buildPhases = (
				5CD8E5DC27C5238E00FB21E8 /* Sources */,
				5CD8E5DD27C5238E00FB21E8 /* Frameworks */,
				5CD8E5DE27C5238E00FB21E8 /* Resources */,
			);
			buildRules = (
			);
			dependencies = (
				5CD8E5E227C5238E00FB21E8 /* PBXTargetDependency */,
			);
			name = "Tests iOS";
			productName = "Tests iOS";
			productReference = 5CD8E5E027C5238E00FB21E8 /* Tests iOS.xctest */;
			productType = "com.apple.product-type.bundle.ui-testing";
		};
		5CD8E5EB27C5238E00FB21E8 /* Tests macOS */ = {
			isa = PBXNativeTarget;
			buildConfigurationList = 5CD8E60527C5238E00FB21E8 /* Build configuration list for PBXNativeTarget "Tests macOS" */;
			buildPhases = (
				5CD8E5E827C5238E00FB21E8 /* Sources */,
				5CD8E5E927C5238E00FB21E8 /* Frameworks */,
				5CD8E5EA27C5238E00FB21E8 /* Resources */,
			);
			buildRules = (
			);
			dependencies = (
				5CD8E5EE27C5238E00FB21E8 /* PBXTargetDependency */,
			);
			name = "Tests macOS";
			productName = "Tests macOS";
			productReference = 5CD8E5EC27C5238E00FB21E8 /* Tests macOS.xctest */;
			productType = "com.apple.product-type.bundle.ui-testing";
		};
/* End PBXNativeTarget section */

/* Begin PBXProject section */
		5CD8E5C727C5238D00FB21E8 /* Project object */ = {
			isa = PBXProject;
			attributes = {
				BuildIndependentTargetsInParallel = 1;
				LastSwiftUpdateCheck = 1320;
				LastUpgradeCheck = 1320;
				TargetAttributes = {
					5CD8E5D227C5238E00FB21E8 = {
						CreatedOnToolsVersion = 13.2.1;
					};
					5CD8E5D827C5238E00FB21E8 = {
						CreatedOnToolsVersion = 13.2.1;
					};
					5CD8E5DF27C5238E00FB21E8 = {
						CreatedOnToolsVersion = 13.2.1;
						TestTargetID = 5CD8E5D227C5238E00FB21E8;
					};
					5CD8E5EB27C5238E00FB21E8 = {
						CreatedOnToolsVersion = 13.2.1;
						TestTargetID = 5CD8E5D827C5238E00FB21E8;
					};
				};
			};
			buildConfigurationList = 5CD8E5CA27C5238D00FB21E8 /* Build configuration list for PBXProject "circle" */;
			compatibilityVersion = "Xcode 13.0";
			developmentRegion = en;
			hasScannedForEncodings = 0;
			knownRegions = (
				en,
				Base,
			);
			mainGroup = 5CD8E5C627C5238D00FB21E8;
			productRefGroup = 5CD8E5D427C5238E00FB21E8 /* Products */;
			projectDirPath = "";
			projectRoot = "";
			targets = (
				5CD8E5D227C5238E00FB21E8 /* circle (iOS) */,
				5CD8E5D827C5238E00FB21E8 /* circle (macOS) */,
				5CD8E5DF27C5238E00FB21E8 /* Tests iOS */,
				5CD8E5EB27C5238E00FB21E8 /* Tests macOS */,
			);
		};
/* End PBXProject section */

/* Begin PBXResourcesBuildPhase section */
		5CD8E5D127C5238E00FB21E8 /* Resources */ = {
			isa = PBXResourcesBuildPhase;
			buildActionMask = 2147483647;
			files = (
				5CD8E5F827C5238E00FB21E8 /* Assets.xcassets in Resources */,
			);
			runOnlyForDeploymentPostprocessing = 0;
		};
		5CD8E5D727C5238E00FB21E8 /* Resources */ = {
			isa = PBXResourcesBuildPhase;
			buildActionMask = 2147483647;
			files = (
				5CD8E5F927C5238E00FB21E8 /* Assets.xcassets in Resources */,
			);
			runOnlyForDeploymentPostprocessing = 0;
		};
		5CD8E5DE27C5238E00FB21E8 /* Resources */ = {
			isa = PBXResourcesBuildPhase;
			buildActionMask = 2147483647;
			files = (
			);
			runOnlyForDeploymentPostprocessing = 0;
		};
		5CD8E5EA27C5238E00FB21E8 /* Resources */ = {
			isa = PBXResourcesBuildPhase;
			buildActionMask = 2147483647;
			files = (
			);
			runOnlyForDeploymentPostprocessing = 0;
		};
/* End PBXResourcesBuildPhase section */

/* Begin PBXSourcesBuildPhase section */
		5CD8E5CF27C5238E00FB21E8 /* Sources */ = {
			isa = PBXSourcesBuildPhase;
			buildActionMask = 2147483647;
			files = (
				5CD8E60927C5341000FB21E8 /* ColorView.swift in Sources */,
				5CD8E5F627C5238E00FB21E8 /* ContentView.swift in Sources */,
				5CD8E5F427C5238E00FB21E8 /* circleApp.swift in Sources */,
			);
			runOnlyForDeploymentPostprocessing = 0;
		};
		5CD8E5D527C5238E00FB21E8 /* Sources */ = {
			isa = PBXSourcesBuildPhase;
			buildActionMask = 2147483647;
			files = (
				5CD8E60A27C5341000FB21E8 /* ColorView.swift in Sources */,
				5CD8E5F727C5238E00FB21E8 /* ContentView.swift in Sources */,
				5CD8E5F527C5238E00FB21E8 /* circleApp.swift in Sources */,
			);
			runOnlyForDeploymentPostprocessing = 0;
		};
		5CD8E5DC27C5238E00FB21E8 /* Sources */ = {
			isa = PBXSourcesBuildPhase;
			buildActionMask = 2147483647;
			files = (
				5CD8E5E727C5238E00FB21E8 /* Tests_iOSLaunchTests.swift in Sources */,
				5CD8E5E527C5238E00FB21E8 /* Tests_iOS.swift in Sources */,
			);
			runOnlyForDeploymentPostprocessing = 0;
		};
		5CD8E5E827C5238E00FB21E8 /* Sources */ = {
			isa = PBXSourcesBuildPhase;
			buildActionMask = 2147483647;
			files = (
				5CD8E5F327C5238E00FB21E8 /* Tests_macOSLaunchTests.swift in Sources */,
				5CD8E5F127C5238E00FB21E8 /* Tests_macOS.swift in Sources */,
			);
			runOnlyForDeploymentPostprocessing = 0;
		};
/* End PBXSourcesBuildPhase section */

/* Begin PBXTargetDependency section */
		5CD8E5E227C5238E00FB21E8 /* PBXTargetDependency */ = {
			isa = PBXTargetDependency;
			target = 5CD8E5D227C5238E00FB21E8 /* circle (iOS) */;
			targetProxy = 5CD8E5E127C5238E00FB21E8 /* PBXContainerItemProxy */;
		};
		5CD8E5EE27C5238E00FB21E8 /* PBXTargetDependency */ = {
			isa = PBXTargetDependency;
			target = 5CD8E5D827C5238E00FB21E8 /* circle (macOS) */;
			targetProxy = 5CD8E5ED27C5238E00FB21E8 /* PBXContainerItemProxy */;
		};
/* End PBXTargetDependency section */

/* Begin XCBuildConfiguration section */
		5CD8E5FA27C5238E00FB21E8 /* Debug */ = {
			isa = XCBuildConfiguration;
			buildSettings = {
				ALWAYS_SEARCH_USER_PATHS = NO;
				CLANG_ANALYZER_NONNULL = YES;
				CLANG_ANALYZER_NUMBER_OBJECT_CONVERSION = YES_AGGRESSIVE;
				CLANG_CXX_LANGUAGE_STANDARD = "gnu++17";
				CLANG_CXX_LIBRARY = "libc++";
				CLANG_ENABLE_MODULES = YES;
				CLANG_ENABLE_OBJC_ARC = YES;
				CLANG_ENABLE_OBJC_WEAK = YES;
				CLANG_WARN_BLOCK_CAPTURE_AUTORELEASING = YES;
				CLANG_WARN_BOOL_CONVERSION = YES;
				CLANG_WARN_COMMA = YES;
				CLANG_WARN_CONSTANT_CONVERSION = YES;
				CLANG_WARN_DEPRECATED_OBJC_IMPLEMENTATIONS = YES;
				CLANG_WARN_DIRECT_OBJC_ISA_USAGE = YES_ERROR;
				CLANG_WARN_DOCUMENTATION_COMMENTS = YES;
				CLANG_WARN_EMPTY_BODY = YES;
				CLANG_WARN_ENUM_CONVERSION = YES;
				CLANG_WARN_INFINITE_RECURSION = YES;
				CLANG_WARN_INT_CONVERSION = YES;
				CLANG_WARN_NON_LITERAL_NULL_CONVERSION = YES;
				CLANG_WARN_OBJC_IMPLICIT_RETAIN_SELF = YES;
				CLANG_WARN_OBJC_LITERAL_CONVERSION = YES;
				CLANG_WARN_OBJC_ROOT_CLASS = YES_ERROR;
				CLANG_WARN_QUOTED_INCLUDE_IN_FRAMEWORK_HEADER = YES;
				CLANG_WARN_RANGE_LOOP_ANALYSIS = YES;
				CLANG_WARN_STRICT_PROTOTYPES = YES;
				CLANG_WARN_SUSPICIOUS_MOVE = YES;
				CLANG_WARN_UNGUARDED_AVAILABILITY = YES_AGGRESSIVE;
				CLANG_WARN_UNREACHABLE_CODE = YES;
				CLANG_WARN__DUPLICATE_METHOD_MATCH = YES;
				COPY_PHASE_STRIP = NO;
				DEBUG_INFORMATION_FORMAT = dwarf;
				ENABLE_STRICT_OBJC_MSGSEND = YES;
				ENABLE_TESTABILITY = YES;
				GCC_C_LANGUAGE_STANDARD = gnu11;
				GCC_DYNAMIC_NO_PIC = NO;
				GCC_NO_COMMON_BLOCKS = YES;
				GCC_OPTIMIZATION_LEVEL = 0;
				GCC_PREPROCESSOR_DEFINITIONS = (
					"DEBUG=1",
					"$(inherited)",
				);
				GCC_WARN_64_TO_32_BIT_CONVERSION = YES;
				GCC_WARN_ABOUT_RETURN_TYPE = YES_ERROR;
				GCC_WARN_UNDECLARED_SELECTOR = YES;
				GCC_WARN_UNINITIALIZED_AUTOS = YES_AGGRESSIVE;
				GCC_WARN_UNUSED_FUNCTION = YES;
				GCC_WARN_UNUSED_VARIABLE = YES;
				MTL_ENABLE_DEBUG_INFO = INCLUDE_SOURCE;
				MTL_FAST_MATH = YES;
				ONLY_ACTIVE_ARCH = YES;
				SWIFT_ACTIVE_COMPILATION_CONDITIONS = DEBUG;
				SWIFT_OPTIMIZATION_LEVEL = "-Onone";
			};
			name = Debug;
		};
		5CD8E5FB27C5238E00FB21E8 /* Release */ = {
			isa = XCBuildConfiguration;
			buildSettings = {
				ALWAYS_SEARCH_USER_PATHS = NO;
				CLANG_ANALYZER_NONNULL = YES;
				CLANG_ANALYZER_NUMBER_OBJECT_CONVERSION = YES_AGGRESSIVE;
				CLANG_CXX_LANGUAGE_STANDARD = "gnu++17";
				CLANG_CXX_LIBRARY = "libc++";
				CLANG_ENABLE_MODULES = YES;
				CLANG_ENABLE_OBJC_ARC = YES;
				CLANG_ENABLE_OBJC_WEAK = YES;
				CLANG_WARN_BLOCK_CAPTURE_AUTORELEASING = YES;
				CLANG_WARN_BOOL_CONVERSION = YES;
				CLANG_WARN_COMMA = YES;
				CLANG_WARN_CONSTANT_CONVERSION = YES;
				CLANG_WARN_DEPRECATED_OBJC_IMPLEMENTATIONS = YES;
				CLANG_WARN_DIRECT_OBJC_ISA_USAGE = YES_ERROR;
				CLANG_WARN_DOCUMENTATION_COMMENTS = YES;
				CLANG_WARN_EMPTY_BODY = YES;
				CLANG_WARN_ENUM_CONVERSION = YES;
				CLANG_WARN_INFINITE_RECURSION = YES;
				CLANG_WARN_INT_CONVERSION = YES;
				CLANG_WARN_NON_LITERAL_NULL_CONVERSION = YES;
				CLANG_WARN_OBJC_IMPLICIT_RETAIN_SELF = YES;
				CLANG_WARN_OBJC_LITERAL_CONVERSION = YES;
				CLANG_WARN_OBJC_ROOT_CLASS = YES_ERROR;
				CLANG_WARN_QUOTED_INCLUDE_IN_FRAMEWORK_HEADER = YES;
				CLANG_WARN_RANGE_LOOP_ANALYSIS = YES;
				CLANG_WARN_STRICT_PROTOTYPES = YES;
				CLANG_WARN_SUSPICIOUS_MOVE = YES;
				CLANG_WARN_UNGUARDED_AVAILABILITY = YES_AGGRESSIVE;
				CLANG_WARN_UNREACHABLE_CODE = YES;
				CLANG_WARN__DUPLICATE_METHOD_MATCH = YES;
				COPY_PHASE_STRIP = NO;
				DEBUG_INFORMATION_FORMAT = "dwarf-with-dsym";
				ENABLE_NS_ASSERTIONS = NO;
				ENABLE_STRICT_OBJC_MSGSEND = YES;
				GCC_C_LANGUAGE_STANDARD = gnu11;
				GCC_NO_COMMON_BLOCKS = YES;
				GCC_WARN_64_TO_32_BIT_CONVERSION = YES;
				GCC_WARN_ABOUT_RETURN_TYPE = YES_ERROR;
				GCC_WARN_UNDECLARED_SELECTOR = YES;
				GCC_WARN_UNINITIALIZED_AUTOS = YES_AGGRESSIVE;
				GCC_WARN_UNUSED_FUNCTION = YES;
				GCC_WARN_UNUSED_VARIABLE = YES;
				MTL_ENABLE_DEBUG_INFO = NO;
				MTL_FAST_MATH = YES;
				SWIFT_COMPILATION_MODE = wholemodule;
				SWIFT_OPTIMIZATION_LEVEL = "-O";
			};
			name = Release;
		};
		5CD8E5FD27C5238E00FB21E8 /* Debug */ = {
			isa = XCBuildConfiguration;
			buildSettings = {
				ASSETCATALOG_COMPILER_APPICON_NAME = AppIcon;
				ASSETCATALOG_COMPILER_GLOBAL_ACCENT_COLOR_NAME = AccentColor;
				CODE_SIGN_STYLE = Automatic;
				CURRENT_PROJECT_VERSION = 1;
				DEVELOPMENT_TEAM = 3NJC3EGBWR;
				ENABLE_PREVIEWS = YES;
				GENERATE_INFOPLIST_FILE = YES;
				INFOPLIST_KEY_UIApplicationSceneManifest_Generation = YES;
				INFOPLIST_KEY_UIApplicationSupportsIndirectInputEvents = YES;
				INFOPLIST_KEY_UILaunchScreen_Generation = YES;
				INFOPLIST_KEY_UISupportedInterfaceOrientations_iPad = "UIInterfaceOrientationPortrait UIInterfaceOrientationPortraitUpsideDown UIInterfaceOrientationLandscapeLeft UIInterfaceOrientationLandscapeRight";
				INFOPLIST_KEY_UISupportedInterfaceOrientations_iPhone = "UIInterfaceOrientationPortrait UIInterfaceOrientationLandscapeLeft UIInterfaceOrientationLandscapeRight";
				IPHONEOS_DEPLOYMENT_TARGET = 15.2;
				LD_RUNPATH_SEARCH_PATHS = (
					"$(inherited)",
					"@executable_path/Frameworks",
				);
				MARKETING_VERSION = 1.0;
				PRODUCT_BUNDLE_IDENTIFIER = SHUMIN.circle;
				PRODUCT_NAME = circle;
				SDKROOT = iphoneos;
				SWIFT_EMIT_LOC_STRINGS = YES;
				SWIFT_VERSION = 5.0;
				TARGETED_DEVICE_FAMILY = "1,2";
			};
			name = Debug;
		};
		5CD8E5FE27C5238E00FB21E8 /* Release */ = {
			isa = XCBuildConfiguration;
			buildSettings = {
				ASSETCATALOG_COMPILER_APPICON_NAME = AppIcon;
				ASSETCATALOG_COMPILER_GLOBAL_ACCENT_COLOR_NAME = AccentColor;
				CODE_SIGN_STYLE = Automatic;
				CURRENT_PROJECT_VERSION = 1;
				DEVELOPMENT_TEAM = 3NJC3EGBWR;
				ENABLE_PREVIEWS = YES;
				GENERATE_INFOPLIST_FILE = YES;
				INFOPLIST_KEY_UIApplicationSceneManifest_Generation = YES;
				INFOPLIST_KEY_UIApplicationSupportsIndirectInputEvents = YES;
				INFOPLIST_KEY_UILaunchScreen_Generation = YES;
				INFOPLIST_KEY_UISupportedInterfaceOrientations_iPad = "UIInterfaceOrientationPortrait UIInterfaceOrientationPortraitUpsideDown UIInterfaceOrientationLandscapeLeft UIInterfaceOrientationLandscapeRight";
				INFOPLIST_KEY_UISupportedInterfaceOrientations_iPhone = "UIInterfaceOrientationPortrait UIInterfaceOrientationLandscapeLeft UIInterfaceOrientationLandscapeRight";
				IPHONEOS_DEPLOYMENT_TARGET = 15.2;
				LD_RUNPATH_SEARCH_PATHS = (
					"$(inherited)",
					"@executable_path/Frameworks",
				);
				MARKETING_VERSION = 1.0;
				PRODUCT_BUNDLE_IDENTIFIER = SHUMIN.circle;
				PRODUCT_NAME = circle;
				SDKROOT = iphoneos;
				SWIFT_EMIT_LOC_STRINGS = YES;
				SWIFT_VERSION = 5.0;
				TARGETED_DEVICE_FAMILY = "1,2";
				VALIDATE_PRODUCT = YES;
			};
			name = Release;
		};
		5CD8E60027C5238E00FB21E8 /* Debug */ = {
			isa = XCBuildConfiguration;
			buildSettings = {
				ASSETCATALOG_COMPILER_APPICON_NAME = AppIcon;
				ASSETCATALOG_COMPILER_GLOBAL_ACCENT_COLOR_NAME = AccentColor;
				CODE_SIGN_ENTITLEMENTS = macOS/macOS.entitlements;
				CODE_SIGN_STYLE = Automatic;
				COMBINE_HIDPI_IMAGES = YES;
				CURRENT_PROJECT_VERSION = 1;
				DEVELOPMENT_TEAM = 3NJC3EGBWR;
				ENABLE_HARDENED_RUNTIME = YES;
				ENABLE_PREVIEWS = YES;
				GENERATE_INFOPLIST_FILE = YES;
				INFOPLIST_KEY_NSHumanReadableCopyright = "";
				LD_RUNPATH_SEARCH_PATHS = (
					"$(inherited)",
					"@executable_path/../Frameworks",
				);
				MACOSX_DEPLOYMENT_TARGET = 12.1;
				MARKETING_VERSION = 1.0;
				PRODUCT_BUNDLE_IDENTIFIER = SHUMIN.circle;
				PRODUCT_NAME = circle;
				SDKROOT = macosx;
				SWIFT_EMIT_LOC_STRINGS = YES;
				SWIFT_VERSION = 5.0;
			};
			name = Debug;
		};
		5CD8E60127C5238E00FB21E8 /* Release */ = {
			isa = XCBuildConfiguration;
			buildSettings = {
				ASSETCATALOG_COMPILER_APPICON_NAME = AppIcon;
				ASSETCATALOG_COMPILER_GLOBAL_ACCENT_COLOR_NAME = AccentColor;
				CODE_SIGN_ENTITLEMENTS = macOS/macOS.entitlements;
				CODE_SIGN_STYLE = Automatic;
				COMBINE_HIDPI_IMAGES = YES;
				CURRENT_PROJECT_VERSION = 1;
				DEVELOPMENT_TEAM = 3NJC3EGBWR;
				ENABLE_HARDENED_RUNTIME = YES;
				ENABLE_PREVIEWS = YES;
				GENERATE_INFOPLIST_FILE = YES;
				INFOPLIST_KEY_NSHumanReadableCopyright = "";
				LD_RUNPATH_SEARCH_PATHS = (
					"$(inherited)",
					"@executable_path/../Frameworks",
				);
				MACOSX_DEPLOYMENT_TARGET = 12.1;
				MARKETING_VERSION = 1.0;
				PRODUCT_BUNDLE_IDENTIFIER = SHUMIN.circle;
				PRODUCT_NAME = circle;
				SDKROOT = macosx;
				SWIFT_EMIT_LOC_STRINGS = YES;
				SWIFT_VERSION = 5.0;
			};
			name = Release;
		};
		5CD8E60327C5238E00FB21E8 /* Debug */ = {
			isa = XCBuildConfiguration;
			buildSettings = {
				ALWAYS_EMBED_SWIFT_STANDARD_LIBRARIES = YES;
				CODE_SIGN_STYLE = Automatic;
				CURRENT_PROJECT_VERSION = 1;
				DEVELOPMENT_TEAM = 3NJC3EGBWR;
				GENERATE_INFOPLIST_FILE = YES;
				IPHONEOS_DEPLOYMENT_TARGET = 15.2;
				MARKETING_VERSION = 1.0;
				PRODUCT_BUNDLE_IDENTIFIER = "SHUMIN.Tests-iOS";
				PRODUCT_NAME = "$(TARGET_NAME)";
				SDKROOT = iphoneos;
				SWIFT_EMIT_LOC_STRINGS = NO;
				SWIFT_VERSION = 5.0;
				TARGETED_DEVICE_FAMILY = "1,2";
				TEST_TARGET_NAME = "circle (iOS)";
			};
			name = Debug;
		};
		5CD8E60427C5238E00FB21E8 /* Release */ = {
			isa = XCBuildConfiguration;
			buildSettings = {
				ALWAYS_EMBED_SWIFT_STANDARD_LIBRARIES = YES;
				CODE_SIGN_STYLE = Automatic;
				CURRENT_PROJECT_VERSION = 1;
				DEVELOPMENT_TEAM = 3NJC3EGBWR;
				GENERATE_INFOPLIST_FILE = YES;
				IPHONEOS_DEPLOYMENT_TARGET = 15.2;
				MARKETING_VERSION = 1.0;
				PRODUCT_BUNDLE_IDENTIFIER = "SHUMIN.Tests-iOS";
				PRODUCT_NAME = "$(TARGET_NAME)";
				SDKROOT = iphoneos;
				SWIFT_EMIT_LOC_STRINGS = NO;
				SWIFT_VERSION = 5.0;
				TARGETED_DEVICE_FAMILY = "1,2";
				TEST_TARGET_NAME = "circle (iOS)";
				VALIDATE_PRODUCT = YES;
			};
			name = Release;
		};
		5CD8E60627C5238E00FB21E8 /* Debug */ = {
			isa = XCBuildConfiguration;
			buildSettings = {
				ALWAYS_EMBED_SWIFT_STANDARD_LIBRARIES = YES;
				CODE_SIGN_STYLE = Automatic;
				CURRENT_PROJECT_VERSION = 1;
				DEVELOPMENT_TEAM = 3NJC3EGBWR;
				GENERATE_INFOPLIST_FILE = YES;
				MACOSX_DEPLOYMENT_TARGET = 12.1;
				MARKETING_VERSION = 1.0;
				PRODUCT_BUNDLE_IDENTIFIER = "SHUMIN.Tests-macOS";
				PRODUCT_NAME = "$(TARGET_NAME)";
				SDKROOT = macosx;
				SWIFT_EMIT_LOC_STRINGS = NO;
				SWIFT_VERSION = 5.0;
				TEST_TARGET_NAME = "circle (macOS)";
			};
			name = Debug;
		};
		5CD8E60727C5238E00FB21E8 /* Release */ = {
			isa = XCBuildConfiguration;
			buildSettings = {
				ALWAYS_EMBED_SWIFT_STANDARD_LIBRARIES = YES;
				CODE_SIGN_STYLE = Automatic;
				CURRENT_PROJECT_VERSION = 1;
				DEVELOPMENT_TEAM = 3NJC3EGBWR;
				GENERATE_INFOPLIST_FILE = YES;
				MACOSX_DEPLOYMENT_TARGET = 12.1;
				MARKETING_VERSION = 1.0;
				PRODUCT_BUNDLE_IDENTIFIER = "SHUMIN.Tests-macOS";
				PRODUCT_NAME = "$(TARGET_NAME)";
				SDKROOT = macosx;
				SWIFT_EMIT_LOC_STRINGS = NO;
				SWIFT_VERSION = 5.0;
				TEST_TARGET_NAME = "circle (macOS)";
			};
			name = Release;
		};
/* End XCBuildConfiguration section */

/* Begin XCConfigurationList section */
		5CD8E5CA27C5238D00FB21E8 /* Build configuration list for PBXProject "circle" */ = {
			isa = XCConfigurationList;
			buildConfigurations = (
				5CD8E5FA27C5238E00FB21E8 /* Debug */,
				5CD8E5FB27C5238E00FB21E8 /* Release */,
			);
			defaultConfigurationIsVisible = 0;
			defaultConfigurationName = Release;
		};
		5CD8E5FC27C5238E00FB21E8 /* Build configuration list for PBXNativeTarget "circle (iOS)" */ = {
			isa = XCConfigurationList;
			buildConfigurations = (
				5CD8E5FD27C5238E00FB21E8 /* Debug */,
				5CD8E5FE27C5238E00FB21E8 /* Release */,
			);
			defaultConfigurationIsVisible = 0;
			defaultConfigurationName = Release;
		};
		5CD8E5FF27C5238E00FB21E8 /* Build configuration list for PBXNativeTarget "circle (macOS)" */ = {
			isa = XCConfigurationList;
			buildConfigurations = (
				5CD8E60027C5238E00FB21E8 /* Debug */,
				5CD8E60127C5238E00FB21E8 /* Release */,
			);
			defaultConfigurationIsVisible = 0;
			defaultConfigurationName = Release;
		};
		5CD8E60227C5238E00FB21E8 /* Build configuration list for PBXNativeTarget "Tests iOS" */ = {
			isa = XCConfigurationList;
			buildConfigurations = (
				5CD8E60327C5238E00FB21E8 /* Debug */,
				5CD8E60427C5238E00FB21E8 /* Release */,
			);
			defaultConfigurationIsVisible = 0;
			defaultConfigurationName = Release;
		};
		5CD8E60527C5238E00FB21E8 /* Build configuration list for PBXNativeTarget "Tests macOS" */ = {
			isa = XCConfigurationList;
			buildConfigurations = (
				5CD8E60627C5238E00FB21E8 /* Debug */,
				5CD8E60727C5238E00FB21E8 /* Release */,
			);
			defaultConfigurationIsVisible = 0;
			defaultConfigurationName = Release;
		};
/* End XCConfigurationList section */
	};
	rootObject = 5CD8E5C727C5238D00FB21E8 /* Project object */;
}
